
Microsoft Visual Studio Solution File, Format Version 12.00
# Visual Studio 15
VisualStudioVersion = 15.0.27130.2020
MinimumVisualStudioVersion = 10.0.40219.1
Project("{00D1A9C2-B5F0-4AF3-8072-F6C62B433612}") = "Database", "Database\Database.sqlproj", "{9D42710E-7C1C-49F5-B8D2-146844A8B2F2}"
EndProject
Project("{FAE04EC0-301F-11D3-BF4B-00C04F79EFBC}") = "FabrikamFiber.DAL", "FabrikamFiber.DAL\FabrikamFiber.DAL.csproj", "{64058BA2-30B8-4A35-8D4C-CB4F6D6D7442}"
EndProject
Project("{FAE04EC0-301F-11D3-BF4B-00C04F79EFBC}") = "FabrikamFiber.Web", "FabrikamFiber.Web\FabrikamFiber.Web.csproj", "{456D6BF0-21B0-4995-9D77-76FA13AD95DA}"
EndProject
Project("{FAE04EC0-301F-11D3-BF4B-00C04F79EFBC}") = "FabrikamFiber.Web.UnitTests", "FabrikamFiber.Web.UnitTests\FabrikamFiber.Web.UnitTests.csproj", "{2FE8E250-4218-4B31-AB23-D9B91ABD842B}"
EndProject
Project("{FAE04EC0-301F-11D3-BF4B-00C04F79EFBC}") = "FabrikamFiber.FunctionalTests", "FabrikamFiber.Web.FunctionalTests\FabrikamFiber.FunctionalTests.csproj", "{7D15A631-042A-4C9D-BA57-FF60AA7F48C8}"
EndProject
Global
	GlobalSection(SolutionConfigurationPlatforms) = preSolution
		Debug|Any CPU = Debug|Any CPU
		Release|Any CPU = Release|Any CPU
	EndGlobalSection
	GlobalSection(ProjectConfigurationPlatforms) = postSolution
		{9D42710E-7C1C-49F5-B8D2-146844A8B2F2}.Debug|Any CPU.ActiveCfg = Debug|Any CPU
		{9D42710E-7C1C-49F5-B8D2-146844A8B2F2}.Debug|Any CPU.Build.0 = Debug|Any CPU
		{9D42710E-7C1C-49F5-B8D2-146844A8B2F2}.Debug|Any CPU.Deploy.0 = Debug|Any CPU
		{9D42710E-7C1C-49F5-B8D2-146844A8B2F2}.Release|Any CPU.ActiveCfg = Release|Any CPU
		{9D42710E-7C1C-49F5-B8D2-146844A8B2F2}.Release|Any CPU.Build.0 = Release|Any CPU
		{9D42710E-7C1C-49F5-B8D2-146844A8B2F2}.Release|Any CPU.Deploy.0 = Release|Any CPU
		{64058BA2-30B8-4A35-8D4C-CB4F6D6D7442}.Debug|Any CPU.ActiveCfg = Debug|Any CPU
		{64058BA2-30B8-4A35-8D4C-CB4F6D6D7442}.Debug|Any CPU.Build.0 = Debug|Any CPU
		{64058BA2-30B8-4A35-8D4C-CB4F6D6D7442}.Release|Any CPU.ActiveCfg = Release|Any CPU
		{64058BA2-30B8-4A35-8D4C-CB4F6D6D7442}.Release|Any CPU.Build.0 = Release|Any CPU
		{456D6BF0-21B0-4995-9D77-76FA13AD95DA}.Debug|Any CPU.ActiveCfg = Debug|Any CPU
		{456D6BF0-21B0-4995-9D77-76FA13AD95DA}.Debug|Any CPU.Build.0 = Debug|Any CPU
		{456D6BF0-21B0-4995-9D77-76FA13AD95DA}.Release|Any CPU.ActiveCfg = Release|Any CPU
		{456D6BF0-21B0-4995-9D77-76FA13AD95DA}.Release|Any CPU.Build.0 = Release|Any CPU
		{2FE8E250-4218-4B31-AB23-D9B91ABD842B}.Debug|Any CPU.ActiveCfg = Debug|Any CPU
		{2FE8E250-4218-4B31-AB23-D9B91ABD842B}.Debug|Any CPU.Build.0 = Debug|Any CPU
		{2FE8E250-4218-4B31-AB23-D9B91ABD842B}.Release|Any CPU.ActiveCfg = Release|Any CPU
		{2FE8E250-4218-4B31-AB23-D9B91ABD842B}.Release|Any CPU.Build.0 = Release|Any CPU
		{7D15A631-042A-4C9D-BA57-FF60AA7F48C8}.Debug|Any CPU.ActiveCfg = Debug|Any CPU
		{7D15A631-042A-4C9D-BA57-FF60AA7F48C8}.Debug|Any CPU.Build.0 = Debug|Any CPU
		{7D15A631-042A-4C9D-BA57-FF60AA7F48C8}.Release|Any CPU.ActiveCfg = Release|Any CPU
		{7D15A631-042A-4C9D-BA57-FF60AA7F48C8}.Release|Any CPU.Build.0 = Release|Any CPU
	EndGlobalSection
	GlobalSection(SolutionProperties) = preSolution
		HideSolutionNode = FALSE
	EndGlobalSection
	GlobalSection(ExtensibilityGlobals) = postSolution
		SolutionGuid = {AF3CFD7F-40F2-4112-AFD4-0EB5CCA2CFA2}
	EndGlobalSection
EndGlobal
